RIDIBATANG_VERSION=1.0.1
RIDIBATANG_SHA256=f13a49c0815d254ac15e392953a0b056613dec08ceb378e54eeed14c4fda9a54
ROBOTO_SERIF_VERSION=1.008
ROBOTO_SERIF_ARCHIVE_SHA256=366f437312f40a0039d6719e6493d64828a982ac2734f9618f4c07c8684b6984
ROBOTO_SERIF_INSTANCE=RobotoSerif14pt-Regular.ttf
LATIN_X_SCALE=0.895
LATIN_Y_SCALE=0.936
LATIN_Y_SHIFT=-11
DEFAULT_FIGURES=RIDIBATANG
DASH_FIGURE_SYMBOLS=hyphen,endash,emdash
DASH_FIGURE_KERN=-15,-20,-40,-20,-30,-20,0,-30,0,0
